
Microsoft Visual Studio Solution File, Format Version 12.00
# Visual Studio Version 17
VisualStudioVersion = 17.0.32126.317
MinimumVisualStudioVersion = 10.0.40219.1
Project("{9A19103F-16F7-4668-BE54-9A1E7A4F7556}") = "BlazorEcommerceProject.Server", "BlazorEcommerceProject\Server\BlazorEcommerceProject.Server.csproj", "{FE276DE8-9CA7-454C-97D3-ADBC32E881BC}"
EndProject
Project("{9A19103F-16F7-4668-BE54-9A1E7A4F7556}") = "BlazorEcommerceProject.Client", "BlazorEcommerceProject\Client\BlazorEcommerceProject.Client.csproj", "{DDBC0BCF-4804-4B98-B689-614F29361EDE}"
EndProject
Project("{9A19103F-16F7-4668-BE54-9A1E7A4F7556}") = "BlazorEcommerceProject.Shared", "BlazorEcommerceProject\Shared\BlazorEcommerceProject.Shared.csproj", "{50D673B9-E83E-4F4E-96B5-62EA4D7F7197}"
EndProject
Global
	GlobalSection(SolutionConfigurationPlatforms) = preSolution
		Debug|Any CPU = Debug|Any CPU
		Release|Any CPU = Release|Any CPU
	EndGlobalSection
	GlobalSection(ProjectConfigurationPlatforms) = postSolution
		{FE276DE8-9CA7-454C-97D3-ADBC32E881BC}.Debug|Any CPU.ActiveCfg = Debug|Any CPU
		{FE276DE8-9CA7-454C-97D3-ADBC32E881BC}.Debug|Any CPU.Build.0 = Debug|Any CPU
		{FE276DE8-9CA7-454C-97D3-ADBC32E881BC}.Release|Any CPU.ActiveCfg = Release|Any CPU
		{FE276DE8-9CA7-454C-97D3-ADBC32E881BC}.Release|Any CPU.Build.0 = Release|Any CPU
		{DDBC0BCF-4804-4B98-B689-614F29361EDE}.Debug|Any CPU.ActiveCfg = Debug|Any CPU
		{DDBC0BCF-4804-4B98-B689-614F29361EDE}.Debug|Any CPU.Build.0 = Debug|Any CPU
		{DDBC0BCF-4804-4B98-B689-614F29361EDE}.Release|Any CPU.ActiveCfg = Release|Any CPU
		{DDBC0BCF-4804-4B98-B689-614F29361EDE}.Release|Any CPU.Build.0 = Release|Any CPU
		{50D673B9-E83E-4F4E-96B5-62EA4D7F7197}.Debug|Any CPU.ActiveCfg = Debug|Any CPU
		{50D673B9-E83E-4F4E-96B5-62EA4D7F7197}.Debug|Any CPU.Build.0 = Debug|Any CPU
		{50D673B9-E83E-4F4E-96B5-62EA4D7F7197}.Release|Any CPU.ActiveCfg = Release|Any CPU
		{50D673B9-E83E-4F4E-96B5-62EA4D7F7197}.Release|Any CPU.Build.0 = Release|Any CPU
	EndGlobalSection
	GlobalSection(SolutionProperties) = preSolution
		HideSolutionNode = FALSE
	EndGlobalSection
	GlobalSection(ExtensibilityGlobals) = postSolution
		SolutionGuid = {CEA8B5CF-A43D-4544-ABC9-D727425EE256}
	EndGlobalSection
EndGlobal
